// !$*UTF8*$!
{
	archiveVersion = 1;
	classes = {
	};
	objectVersion = 56;
	objects = {

/* Begin PBXBuildFile section */
		C3339651299DFA7000158004 /* TitleCollectionViewCell.swift in Sources */ = {isa = PBXBuildFile; fileRef = C3339650299DFA7000158004 /* TitleCollectionViewCell.swift */; };
		C3339654299DFBFC00158004 /* Kingfisher in Frameworks */ = {isa = PBXBuildFile; productRef = C3339653299DFBFC00158004 /* Kingfisher */; };
		C3339657299E180A00158004 /* SDWebImage in Frameworks */ = {isa = PBXBuildFile; productRef = C3339656299E180A00158004 /* SDWebImage */; };
		C3339659299E180A00158004 /* SDWebImageMapKit in Frameworks */ = {isa = PBXBuildFile; productRef = C3339658299E180A00158004 /* SDWebImageMapKit */; };
		C333965B299E1D9000158004 /* TitleTableViewCell.swift in Sources */ = {isa = PBXBuildFile; fileRef = C333965A299E1D9000158004 /* TitleTableViewCell.swift */; };
		C333965D299E247200158004 /* UpcomingTitle.swift in Sources */ = {isa = PBXBuildFile; fileRef = C333965C299E247200158004 /* UpcomingTitle.swift */; };
		C333965F299E59E600158004 /* SearchResultViewController.swift in Sources */ = {isa = PBXBuildFile; fileRef = C333965E299E59E600158004 /* SearchResultViewController.swift */; };
		C369CD66299F746B00F1BA75 /* YoutubeContent.swift in Sources */ = {isa = PBXBuildFile; fileRef = C369CD65299F746B00F1BA75 /* YoutubeContent.swift */; };
		C369CD68299FA1F700F1BA75 /* TitlePreviewViewController.swift in Sources */ = {isa = PBXBuildFile; fileRef = C369CD67299FA1F700F1BA75 /* TitlePreviewViewController.swift */; };
		C369CD6A299FAE1B00F1BA75 /* TitlePreviewViewModel.swift in Sources */ = {isa = PBXBuildFile; fileRef = C369CD69299FAE1B00F1BA75 /* TitlePreviewViewModel.swift */; };
		C3AD3976299CB72900DB5353 /* HeroHeaderView.swift in Sources */ = {isa = PBXBuildFile; fileRef = C3AD3975299CB72900DB5353 /* HeroHeaderView.swift */; };
		C3AD3978299CC7EA00DB5353 /* ProfileViewController.swift in Sources */ = {isa = PBXBuildFile; fileRef = C3AD3977299CC7EA00DB5353 /* ProfileViewController.swift */; };
		C3AD397A299CF71A00DB5353 /* APICaller.swift in Sources */ = {isa = PBXBuildFile; fileRef = C3AD3979299CF71A00DB5353 /* APICaller.swift */; };
		C3AD397D299CFDF700DB5353 /* Alamofire in Frameworks */ = {isa = PBXBuildFile; productRef = C3AD397C299CFDF700DB5353 /* Alamofire */; };
		C3AD397F299D0A7500DB5353 /* Title.swift in Sources */ = {isa = PBXBuildFile; fileRef = C3AD397E299D0A7500DB5353 /* Title.swift */; };
		C3AD3981299D176200DB5353 /* Extension.swift in Sources */ = {isa = PBXBuildFile; fileRef = C3AD3980299D176200DB5353 /* Extension.swift */; };
		C3AD7276299BA9F8006B21F7 /* AppDelegate.swift in Sources */ = {isa = PBXBuildFile; fileRef = C3AD7275299BA9F8006B21F7 /* AppDelegate.swift */; };
		C3AD7278299BA9F8006B21F7 /* SceneDelegate.swift in Sources */ = {isa = PBXBuildFile; fileRef = C3AD7277299BA9F8006B21F7 /* SceneDelegate.swift */; };
		C3AD727F299BA9FA006B21F7 /* Assets.xcassets in Resources */ = {isa = PBXBuildFile; fileRef = C3AD727E299BA9FA006B21F7 /* Assets.xcassets */; };
		C3AD7282299BA9FA006B21F7 /* LaunchScreen.storyboard in Resources */ = {isa = PBXBuildFile; fileRef = C3AD7280299BA9FA006B21F7 /* LaunchScreen.storyboard */; };
		C3AD729A299BAABB006B21F7 /* LoginViewController.swift in Sources */ = {isa = PBXBuildFile; fileRef = C3AD7297299BAABB006B21F7 /* LoginViewController.swift */; };
		C3AD729B299BAABB006B21F7 /* SignUpViewController.swift in Sources */ = {isa = PBXBuildFile; fileRef = C3AD7298299BAABB006B21F7 /* SignUpViewController.swift */; };
		C3AD729C299BAABB006B21F7 /* OnboardingViewController.swift in Sources */ = {isa = PBXBuildFile; fileRef = C3AD7299299BAABB006B21F7 /* OnboardingViewController.swift */; };
		C3AD729F299BAAD9006B21F7 /* AuthManager.swift in Sources */ = {isa = PBXBuildFile; fileRef = C3AD729D299BAAD9006B21F7 /* AuthManager.swift */; };
		C3AD72A2299BAAE4006B21F7 /* AuthenticationViewViewModel.swift in Sources */ = {isa = PBXBuildFile; fileRef = C3AD72A1299BAAE4006B21F7 /* AuthenticationViewViewModel.swift */; };
		C3AD72A9299BAAF7006B21F7 /* HomeViewController.swift in Sources */ = {isa = PBXBuildFile; fileRef = C3AD72A3299BAAF7006B21F7 /* HomeViewController.swift */; };
		C3AD72AA299BAAF7006B21F7 /* ComingSoonViewController.swift in Sources */ = {isa = PBXBuildFile; fileRef = C3AD72A4299BAAF7006B21F7 /* ComingSoonViewController.swift */; };
		C3AD72AB299BAAF7006B21F7 /* MainTabbarViewController.swift in Sources */ = {isa = PBXBuildFile; fileRef = C3AD72A5299BAAF7006B21F7 /* MainTabbarViewController.swift */; };
		C3AD72AC299BAAF7006B21F7 /* FavoritesViewController.swift in Sources */ = {isa = PBXBuildFile; fileRef = C3AD72A6299BAAF7006B21F7 /* FavoritesViewController.swift */; };
		C3AD72AE299BAAF7006B21F7 /* SearchViewController.swift in Sources */ = {isa = PBXBuildFile; fileRef = C3AD72A8299BAAF7006B21F7 /* SearchViewController.swift */; };
		C3AD72B7299BAD9A006B21F7 /* FirebaseAuth in Frameworks */ = {isa = PBXBuildFile; productRef = C3AD72B6299BAD9A006B21F7 /* FirebaseAuth */; };
		C3AD72B9299BAD9A006B21F7 /* FirebaseAuthCombine-Community in Frameworks */ = {isa = PBXBuildFile; productRef = C3AD72B8299BAD9A006B21F7 /* FirebaseAuthCombine-Community */; };
		C3AD72BB299BAD9A006B21F7 /* FirebaseDatabase in Frameworks */ = {isa = PBXBuildFile; productRef = C3AD72BA299BAD9A006B21F7 /* FirebaseDatabase */; };
		C3AD72BD299BAD9A006B21F7 /* FirebaseDatabaseSwift in Frameworks */ = {isa = PBXBuildFile; productRef = C3AD72BC299BAD9A006B21F7 /* FirebaseDatabaseSwift */; };
		C3AD72BF299BAD9A006B21F7 /* FirebaseFirestore in Frameworks */ = {isa = PBXBuildFile; productRef = C3AD72BE299BAD9A006B21F7 /* FirebaseFirestore */; };
		C3AD72C1299BAD9A006B21F7 /* FirebaseFirestoreCombine-Community in Frameworks */ = {isa = PBXBuildFile; productRef = C3AD72C0299BAD9A006B21F7 /* FirebaseFirestoreCombine-Community */; };
		C3AD72C3299BAD9A006B21F7 /* FirebaseFirestoreSwift in Frameworks */ = {isa = PBXBuildFile; productRef = C3AD72C2299BAD9A006B21F7 /* FirebaseFirestoreSwift */; };
		C3AD72C5299BAD9A006B21F7 /* FirebaseStorage in Frameworks */ = {isa = PBXBuildFile; productRef = C3AD72C4299BAD9A006B21F7 /* FirebaseStorage */; };
		C3AD72C7299BAD9A006B21F7 /* FirebaseStorageCombine-Community in Frameworks */ = {isa = PBXBuildFile; productRef = C3AD72C6299BAD9A006B21F7 /* FirebaseStorageCombine-Community */; };
		C3AD72C9299BB3AA006B21F7 /* GoogleService-Info.plist in Resources */ = {isa = PBXBuildFile; fileRef = C3AD72C8299BB3AA006B21F7 /* GoogleService-Info.plist */; };
		C3AD72CC299BB99E006B21F7 /* CollectionViewTableViewCell.swift in Sources */ = {isa = PBXBuildFile; fileRef = C3AD72CB299BB99E006B21F7 /* CollectionViewTableViewCell.swift */; };
/* End PBXBuildFile section */

/* Begin PBXFileReference section */
		C3339650299DFA7000158004 /* TitleCollectionViewCell.swift */ = {isa = PBXFileReference; lastKnownFileType = sourcecode.swift; path = TitleCollectionViewCell.swift; sourceTree = "<group>"; };
		C333965A299E1D9000158004 /* TitleTableViewCell.swift */ = {isa = PBXFileReference; lastKnownFileType = sourcecode.swift; path = TitleTableViewCell.swift; sourceTree = "<group>"; };
		C333965C299E247200158004 /* UpcomingTitle.swift */ = {isa = PBXFileReference; lastKnownFileType = sourcecode.swift; path = UpcomingTitle.swift; sourceTree = "<group>"; };
		C333965E299E59E600158004 /* SearchResultViewController.swift */ = {isa = PBXFileReference; lastKnownFileType = sourcecode.swift; path = SearchResultViewController.swift; sourceTree = "<group>"; };
		C369CD65299F746B00F1BA75 /* YoutubeContent.swift */ = {isa = PBXFileReference; lastKnownFileType = sourcecode.swift; path = YoutubeContent.swift; sourceTree = "<group>"; };
		C369CD67299FA1F700F1BA75 /* TitlePreviewViewController.swift */ = {isa = PBXFileReference; lastKnownFileType = sourcecode.swift; path = TitlePreviewViewController.swift; sourceTree = "<group>"; };
		C369CD69299FAE1B00F1BA75 /* TitlePreviewViewModel.swift */ = {isa = PBXFileReference; lastKnownFileType = sourcecode.swift; path = TitlePreviewViewModel.swift; sourceTree = "<group>"; };
		C3AD3975299CB72900DB5353 /* HeroHeaderView.swift */ = {isa = PBXFileReference; lastKnownFileType = sourcecode.swift; path = HeroHeaderView.swift; sourceTree = "<group>"; };
		C3AD3977299CC7EA00DB5353 /* ProfileViewController.swift */ = {isa = PBXFileReference; lastKnownFileType = sourcecode.swift; path = ProfileViewController.swift; sourceTree = "<group>"; };
		C3AD3979299CF71A00DB5353 /* APICaller.swift */ = {isa = PBXFileReference; lastKnownFileType = sourcecode.swift; path = APICaller.swift; sourceTree = "<group>"; };
		C3AD397E299D0A7500DB5353 /* Title.swift */ = {isa = PBXFileReference; lastKnownFileType = sourcecode.swift; path = Title.swift; sourceTree = "<group>"; };
		C3AD3980299D176200DB5353 /* Extension.swift */ = {isa = PBXFileReference; lastKnownFileType = sourcecode.swift; path = Extension.swift; sourceTree = "<group>"; };
		C3AD7272299BA9F8006B21F7 /* MovieApplication.app */ = {isa = PBXFileReference; explicitFileType = wrapper.application; includeInIndex = 0; path = MovieApplication.app; sourceTree = BUILT_PRODUCTS_DIR; };
		C3AD7275299BA9F8006B21F7 /* AppDelegate.swift */ = {isa = PBXFileReference; lastKnownFileType = sourcecode.swift; path = AppDelegate.swift; sourceTree = "<group>"; };
		C3AD7277299BA9F8006B21F7 /* SceneDelegate.swift */ = {isa = PBXFileReference; lastKnownFileType = sourcecode.swift; path = SceneDelegate.swift; sourceTree = "<group>"; };
		C3AD727E299BA9FA006B21F7 /* Assets.xcassets */ = {isa = PBXFileReference; lastKnownFileType = folder.assetcatalog; path = Assets.xcassets; sourceTree = "<group>"; };
		C3AD7281299BA9FA006B21F7 /* Base */ = {isa = PBXFileReference; lastKnownFileType = file.storyboard; name = Base; path = Base.lproj/LaunchScreen.storyboard; sourceTree = "<group>"; };
		C3AD7283299BA9FA006B21F7 /* Info.plist */ = {isa = PBXFileReference; lastKnownFileType = text.plist.xml; path = Info.plist; sourceTree = "<group>"; };
		C3AD7297299BAABB006B21F7 /* LoginViewController.swift */ = {isa = PBXFileReference; fileEncoding = 4; lastKnownFileType = sourcecode.swift; path = LoginViewController.swift; sourceTree = "<group>"; };
		C3AD7298299BAABB006B21F7 /* SignUpViewController.swift */ = {isa = PBXFileReference; fileEncoding = 4; lastKnownFileType = sourcecode.swift; path = SignUpViewController.swift; sourceTree = "<group>"; };
		C3AD7299299BAABB006B21F7 /* OnboardingViewController.swift */ = {isa = PBXFileReference; fileEncoding = 4; lastKnownFileType = sourcecode.swift; path = OnboardingViewController.swift; sourceTree = "<group>"; };
		C3AD729D299BAAD9006B21F7 /* AuthManager.swift */ = {isa = PBXFileReference; fileEncoding = 4; lastKnownFileType = sourcecode.swift; path = AuthManager.swift; sourceTree = "<group>"; };
		C3AD72A1299BAAE4006B21F7 /* AuthenticationViewViewModel.swift */ = {isa = PBXFileReference; fileEncoding = 4; lastKnownFileType = sourcecode.swift; path = AuthenticationViewViewModel.swift; sourceTree = "<group>"; };
		C3AD72A3299BAAF7006B21F7 /* HomeViewController.swift */ = {isa = PBXFileReference; fileEncoding = 4; lastKnownFileType = sourcecode.swift; path = HomeViewController.swift; sourceTree = "<group>"; };
		C3AD72A4299BAAF7006B21F7 /* ComingSoonViewController.swift */ = {isa = PBXFileReference; fileEncoding = 4; lastKnownFileType = sourcecode.swift; path = ComingSoonViewController.swift; sourceTree = "<group>"; };
		C3AD72A5299BAAF7006B21F7 /* MainTabbarViewController.swift */ = {isa = PBXFileReference; fileEncoding = 4; lastKnownFileType = sourcecode.swift; path = MainTabbarViewController.swift; sourceTree = "<group>"; };
		C3AD72A6299BAAF7006B21F7 /* FavoritesViewController.swift */ = {isa = PBXFileReference; fileEncoding = 4; lastKnownFileType = sourcecode.swift; path = FavoritesViewController.swift; sourceTree = "<group>"; };
		C3AD72A8299BAAF7006B21F7 /* SearchViewController.swift */ = {isa = PBXFileReference; fileEncoding = 4; lastKnownFileType = sourcecode.swift; path = SearchViewController.swift; sourceTree = "<group>"; };
		C3AD72C8299BB3AA006B21F7 /* GoogleService-Info.plist */ = {isa = PBXFileReference; fileEncoding = 4; lastKnownFileType = text.plist.xml; path = "GoogleService-Info.plist"; sourceTree = "<group>"; };
		C3AD72CB299BB99E006B21F7 /* CollectionViewTableViewCell.swift */ = {isa = PBXFileReference; lastKnownFileType = sourcecode.swift; path = CollectionViewTableViewCell.swift; sourceTree = "<group>"; };
/* End PBXFileReference section */

/* Begin PBXFrameworksBuildPhase section */
		C3AD726F299BA9F8006B21F7 /* Frameworks */ = {
			isa = PBXFrameworksBuildPhase;
			buildActionMask = 2147483647;
			files = (
				C3AD72BD299BAD9A006B21F7 /* FirebaseDatabaseSwift in Frameworks */,
				C3AD72BB299BAD9A006B21F7 /* FirebaseDatabase in Frameworks */,
				C3339659299E180A00158004 /* SDWebImageMapKit in Frameworks */,
				C3AD72B7299BAD9A006B21F7 /* FirebaseAuth in Frameworks */,
				C3AD72C3299BAD9A006B21F7 /* FirebaseFirestoreSwift in Frameworks */,
				C3AD72C1299BAD9A006B21F7 /* FirebaseFirestoreCombine-Community in Frameworks */,
				C3AD397D299CFDF700DB5353 /* Alamofire in Frameworks */,
				C3339657299E180A00158004 /* SDWebImage in Frameworks */,
				C3AD72C5299BAD9A006B21F7 /* FirebaseStorage in Frameworks */,
				C3AD72BF299BAD9A006B21F7 /* FirebaseFirestore in Frameworks */,
				C3339654299DFBFC00158004 /* Kingfisher in Frameworks */,
				C3AD72C7299BAD9A006B21F7 /* FirebaseStorageCombine-Community in Frameworks */,
				C3AD72B9299BAD9A006B21F7 /* FirebaseAuthCombine-Community in Frameworks */,
			);
			runOnlyForDeploymentPostprocessing = 0;
		};
/* End PBXFrameworksBuildPhase section */

/* Begin PBXGroup section */
		C3AD7269299BA9F8006B21F7 = {
			isa = PBXGroup;
			children = (
				C3AD7274299BA9F8006B21F7 /* MovieApplication */,
				C3AD7273299BA9F8006B21F7 /* Products */,
			);
			sourceTree = "<group>";
		};
		C3AD7273299BA9F8006B21F7 /* Products */ = {
			isa = PBXGroup;
			children = (
				C3AD7272299BA9F8006B21F7 /* MovieApplication.app */,
			);
			name = Products;
			sourceTree = "<group>";
		};
		C3AD7274299BA9F8006B21F7 /* MovieApplication */ = {
			isa = PBXGroup;
			children = (
				C3AD72CA299BB964006B21F7 /* Views */,
				C3AD72B4299BABFB006B21F7 /* ViewModels */,
				C3AD72B3299BABDA006B21F7 /* Network */,
				C3AD72B2299BABC4006B21F7 /* TabControllers */,
				C3AD72AF299BAB23006B21F7 /* Onboarding */,
				C3AD7275299BA9F8006B21F7 /* AppDelegate.swift */,
				C3AD7277299BA9F8006B21F7 /* SceneDelegate.swift */,
				C3AD3980299D176200DB5353 /* Extension.swift */,
				C3AD727E299BA9FA006B21F7 /* Assets.xcassets */,
				C3AD7280299BA9FA006B21F7 /* LaunchScreen.storyboard */,
				C3AD7283299BA9FA006B21F7 /* Info.plist */,
				C3AD72C8299BB3AA006B21F7 /* GoogleService-Info.plist */,
			);
			path = MovieApplication;
			sourceTree = "<group>";
		};
		C3AD72AF299BAB23006B21F7 /* Onboarding */ = {
			isa = PBXGroup;
			children = (
				C3AD7299299BAABB006B21F7 /* OnboardingViewController.swift */,
				C3AD7297299BAABB006B21F7 /* LoginViewController.swift */,
				C3AD7298299BAABB006B21F7 /* SignUpViewController.swift */,
			);
			path = Onboarding;
			sourceTree = "<group>";
		};
		C3AD72B2299BABC4006B21F7 /* TabControllers */ = {
			isa = PBXGroup;
			children = (
				C3AD72A6299BAAF7006B21F7 /* FavoritesViewController.swift */,
				C3AD72A4299BAAF7006B21F7 /* ComingSoonViewController.swift */,
				C3AD72A3299BAAF7006B21F7 /* HomeViewController.swift */,
				C3AD72A5299BAAF7006B21F7 /* MainTabbarViewController.swift */,
				C3AD3977299CC7EA00DB5353 /* ProfileViewController.swift */,
				C3AD72A8299BAAF7006B21F7 /* SearchViewController.swift */,
				C333965E299E59E600158004 /* SearchResultViewController.swift */,
				C369CD67299FA1F700F1BA75 /* TitlePreviewViewController.swift */,
			);
			path = TabControllers;
			sourceTree = "<group>";
		};
		C3AD72B3299BABDA006B21F7 /* Network */ = {
			isa = PBXGroup;
			children = (
				C3AD729D299BAAD9006B21F7 /* AuthManager.swift */,
				C3AD3979299CF71A00DB5353 /* APICaller.swift */,
			);
			path = Network;
			sourceTree = "<group>";
		};
		C3AD72B4299BABFB006B21F7 /* ViewModels */ = {
			isa = PBXGroup;
			children = (
				C3AD72A1299BAAE4006B21F7 /* AuthenticationViewViewModel.swift */,
				C3AD397E299D0A7500DB5353 /* Title.swift */,
				C333965C299E247200158004 /* UpcomingTitle.swift */,
				C369CD65299F746B00F1BA75 /* YoutubeContent.swift */,
				C369CD69299FAE1B00F1BA75 /* TitlePreviewViewModel.swift */,
			);
			path = ViewModels;
			sourceTree = "<group>";
		};
		C3AD72CA299BB964006B21F7 /* Views */ = {
			isa = PBXGroup;
			children = (
				C3AD72CB299BB99E006B21F7 /* CollectionViewTableViewCell.swift */,
				C3AD3975299CB72900DB5353 /* HeroHeaderView.swift */,
				C3339650299DFA7000158004 /* TitleCollectionViewCell.swift */,
				C333965A299E1D9000158004 /* TitleTableViewCell.swift */,
			);
			path = Views;
			sourceTree = "<group>";
		};
/* End PBXGroup section */

/* Begin PBXNativeTarget section */
		C3AD7271299BA9F8006B21F7 /* MovieApplication */ = {
			isa = PBXNativeTarget;
			buildConfigurationList = C3AD7286299BA9FA006B21F7 /* Build configuration list for PBXNativeTarget "MovieApplication" */;
			buildPhases = (
				C3AD726E299BA9F8006B21F7 /* Sources */,
				C3AD726F299BA9F8006B21F7 /* Frameworks */,
				C3AD7270299BA9F8006B21F7 /* Resources */,
			);
			buildRules = (
			);
			dependencies = (
			);
			name = MovieApplication;
			packageProductDependencies = (
				C3AD72B6299BAD9A006B21F7 /* FirebaseAuth */,
				C3AD72B8299BAD9A006B21F7 /* FirebaseAuthCombine-Community */,
				C3AD72BA299BAD9A006B21F7 /* FirebaseDatabase */,
				C3AD72BC299BAD9A006B21F7 /* FirebaseDatabaseSwift */,
				C3AD72BE299BAD9A006B21F7 /* FirebaseFirestore */,
				C3AD72C0299BAD9A006B21F7 /* FirebaseFirestoreCombine-Community */,
				C3AD72C2299BAD9A006B21F7 /* FirebaseFirestoreSwift */,
				C3AD72C4299BAD9A006B21F7 /* FirebaseStorage */,
				C3AD72C6299BAD9A006B21F7 /* FirebaseStorageCombine-Community */,
				C3AD397C299CFDF700DB5353 /* Alamofire */,
				C3339653299DFBFC00158004 /* Kingfisher */,
				C3339656299E180A00158004 /* SDWebImage */,
				C3339658299E180A00158004 /* SDWebImageMapKit */,
			);
			productName = FilmApplication;
			productReference = C3AD7272299BA9F8006B21F7 /* MovieApplication.app */;
			productType = "com.apple.product-type.application";
		};
/* End PBXNativeTarget section */

/* Begin PBXProject section */
		C3AD726A299BA9F8006B21F7 /* Project object */ = {
			isa = PBXProject;
			attributes = {
				BuildIndependentTargetsInParallel = 1;
				LastSwiftUpdateCheck = 1420;
				LastUpgradeCheck = 1420;
				TargetAttributes = {
					C3AD7271299BA9F8006B21F7 = {
						CreatedOnToolsVersion = 14.2;
					};
				};
			};
			buildConfigurationList = C3AD726D299BA9F8006B21F7 /* Build configuration list for PBXProject "MovieApplication" */;
			compatibilityVersion = "Xcode 14.0";
			developmentRegion = en;
			hasScannedForEncodings = 0;
			knownRegions = (
				en,
				Base,
			);
			mainGroup = C3AD7269299BA9F8006B21F7;
			packageReferences = (
				C3AD72B5299BAD9A006B21F7 /* XCRemoteSwiftPackageReference "firebase-ios-sdk" */,
				C3AD397B299CFDF700DB5353 /* XCRemoteSwiftPackageReference "Alamofire" */,
				C3339652299DFBFC00158004 /* XCRemoteSwiftPackageReference "Kingfisher" */,
				C3339655299E180A00158004 /* XCRemoteSwiftPackageReference "SDWebImage" */,
			);
			productRefGroup = C3AD7273299BA9F8006B21F7 /* Products */;
			projectDirPath = "";
			projectRoot = "";
			targets = (
				C3AD7271299BA9F8006B21F7 /* MovieApplication */,
			);
		};
/* End PBXProject section */

/* Begin PBXResourcesBuildPhase section */
		C3AD7270299BA9F8006B21F7 /* Resources */ = {
			isa = PBXResourcesBuildPhase;
			buildActionMask = 2147483647;
			files = (
				C3AD7282299BA9FA006B21F7 /* LaunchScreen.storyboard in Resources */,
				C3AD727F299BA9FA006B21F7 /* Assets.xcassets in Resources */,
				C3AD72C9299BB3AA006B21F7 /* GoogleService-Info.plist in Resources */,
			);
			runOnlyForDeploymentPostprocessing = 0;
		};
/* End PBXResourcesBuildPhase section */

/* Begin PBXSourcesBuildPhase section */
		C3AD726E299BA9F8006B21F7 /* Sources */ = {
			isa = PBXSourcesBuildPhase;
			buildActionMask = 2147483647;
			files = (
				C369CD6A299FAE1B00F1BA75 /* TitlePreviewViewModel.swift in Sources */,
				C3AD72AE299BAAF7006B21F7 /* SearchViewController.swift in Sources */,
				C3AD72AC299BAAF7006B21F7 /* FavoritesViewController.swift in Sources */,
				C369CD66299F746B00F1BA75 /* YoutubeContent.swift in Sources */,
				C3AD729A299BAABB006B21F7 /* LoginViewController.swift in Sources */,
				C3AD72A2299BAAE4006B21F7 /* AuthenticationViewViewModel.swift in Sources */,
				C3AD729F299BAAD9006B21F7 /* AuthManager.swift in Sources */,
				C333965B299E1D9000158004 /* TitleTableViewCell.swift in Sources */,
				C3AD729C299BAABB006B21F7 /* OnboardingViewController.swift in Sources */,
				C333965D299E247200158004 /* UpcomingTitle.swift in Sources */,
				C333965F299E59E600158004 /* SearchResultViewController.swift in Sources */,
				C3AD72A9299BAAF7006B21F7 /* HomeViewController.swift in Sources */,
				C3AD397A299CF71A00DB5353 /* APICaller.swift in Sources */,
				C3339651299DFA7000158004 /* TitleCollectionViewCell.swift in Sources */,
				C3AD7276299BA9F8006B21F7 /* AppDelegate.swift in Sources */,
				C3AD3981299D176200DB5353 /* Extension.swift in Sources */,
				C3AD7278299BA9F8006B21F7 /* SceneDelegate.swift in Sources */,
				C3AD3976299CB72900DB5353 /* HeroHeaderView.swift in Sources */,
				C3AD72CC299BB99E006B21F7 /* CollectionViewTableViewCell.swift in Sources */,
				C3AD72AB299BAAF7006B21F7 /* MainTabbarViewController.swift in Sources */,
				C3AD3978299CC7EA00DB5353 /* ProfileViewController.swift in Sources */,
				C369CD68299FA1F700F1BA75 /* TitlePreviewViewController.swift in Sources */,
				C3AD72AA299BAAF7006B21F7 /* ComingSoonViewController.swift in Sources */,
				C3AD729B299BAABB006B21F7 /* SignUpViewController.swift in Sources */,
				C3AD397F299D0A7500DB5353 /* Title.swift in Sources */,
			);
			runOnlyForDeploymentPostprocessing = 0;
		};
/* End PBXSourcesBuildPhase section */

/* Begin PBXVariantGroup section */
		C3AD7280299BA9FA006B21F7 /* LaunchScreen.storyboard */ = {
			isa = PBXVariantGroup;
			children = (
				C3AD7281299BA9FA006B21F7 /* Base */,
			);
			name = LaunchScreen.storyboard;
			sourceTree = "<group>";
		};
/* End PBXVariantGroup section */

/* Begin XCBuildConfiguration section */
		C3AD7284299BA9FA006B21F7 /* Debug */ = {
			isa = XCBuildConfiguration;
			buildSettings = {
				ALWAYS_SEARCH_USER_PATHS = NO;
				CLANG_ANALYZER_NONNULL = YES;
				CLANG_ANALYZER_NUMBER_OBJECT_CONVERSION = YES_AGGRESSIVE;
				CLANG_CXX_LANGUAGE_STANDARD = "gnu++20";
				CLANG_ENABLE_MODULES = YES;
				CLANG_ENABLE_OBJC_ARC = YES;
				CLANG_ENABLE_OBJC_WEAK = YES;
				CLANG_WARN_BLOCK_CAPTURE_AUTORELEASING = YES;
				CLANG_WARN_BOOL_CONVERSION = YES;
				CLANG_WARN_COMMA = YES;
				CLANG_WARN_CONSTANT_CONVERSION = YES;
				CLANG_WARN_DEPRECATED_OBJC_IMPLEMENTATIONS = YES;
				CLANG_WARN_DIRECT_OBJC_ISA_USAGE = YES_ERROR;
				CLANG_WARN_DOCUMENTATION_COMMENTS = YES;
				CLANG_WARN_EMPTY_BODY = YES;
				CLANG_WARN_ENUM_CONVERSION = YES;
				CLANG_WARN_INFINITE_RECURSION = YES;
				CLANG_WARN_INT_CONVERSION = YES;
				CLANG_WARN_NON_LITERAL_NULL_CONVERSION = YES;
				CLANG_WARN_OBJC_IMPLICIT_RETAIN_SELF = YES;
				CLANG_WARN_OBJC_LITERAL_CONVERSION = YES;
				CLANG_WARN_OBJC_ROOT_CLASS = YES_ERROR;
				CLANG_WARN_QUOTED_INCLUDE_IN_FRAMEWORK_HEADER = YES;
				CLANG_WARN_RANGE_LOOP_ANALYSIS = YES;
				CLANG_WARN_STRICT_PROTOTYPES = YES;
				CLANG_WARN_SUSPICIOUS_MOVE = YES;
				CLANG_WARN_UNGUARDED_AVAILABILITY = YES_AGGRESSIVE;
				CLANG_WARN_UNREACHABLE_CODE = YES;
				CLANG_WARN__DUPLICATE_METHOD_MATCH = YES;
				COPY_PHASE_STRIP = NO;
				DEBUG_INFORMATION_FORMAT = dwarf;
				ENABLE_STRICT_OBJC_MSGSEND = YES;
				ENABLE_TESTABILITY = YES;
				GCC_C_LANGUAGE_STANDARD = gnu11;
				GCC_DYNAMIC_NO_PIC = NO;
				GCC_NO_COMMON_BLOCKS = YES;
				GCC_OPTIMIZATION_LEVEL = 0;
				GCC_PREPROCESSOR_DEFINITIONS = (
					"DEBUG=1",
					"$(inherited)",
				);
				GCC_WARN_64_TO_32_BIT_CONVERSION = YES;
				GCC_WARN_ABOUT_RETURN_TYPE = YES_ERROR;
				GCC_WARN_UNDECLARED_SELECTOR = YES;
				GCC_WARN_UNINITIALIZED_AUTOS = YES_AGGRESSIVE;
				GCC_WARN_UNUSED_FUNCTION = YES;
				GCC_WARN_UNUSED_VARIABLE = YES;
				IPHONEOS_DEPLOYMENT_TARGET = 16.2;
				MTL_ENABLE_DEBUG_INFO = INCLUDE_SOURCE;
				MTL_FAST_MATH = YES;
				ONLY_ACTIVE_ARCH = YES;
				SDKROOT = iphoneos;
				SWIFT_ACTIVE_COMPILATION_CONDITIONS = DEBUG;
				SWIFT_OPTIMIZATION_LEVEL = "-Onone";
			};
			name = Debug;
		};
		C3AD7285299BA9FA006B21F7 /* Release */ = {
			isa = XCBuildConfiguration;
			buildSettings = {
				ALWAYS_SEARCH_USER_PATHS = NO;
				CLANG_ANALYZER_NONNULL = YES;
				CLANG_ANALYZER_NUMBER_OBJECT_CONVERSION = YES_AGGRESSIVE;
				CLANG_CXX_LANGUAGE_STANDARD = "gnu++20";
				CLANG_ENABLE_MODULES = YES;
				CLANG_ENABLE_OBJC_ARC = YES;
				CLANG_ENABLE_OBJC_WEAK = YES;
				CLANG_WARN_BLOCK_CAPTURE_AUTORELEASING = YES;
				CLANG_WARN_BOOL_CONVERSION = YES;
				CLANG_WARN_COMMA = YES;
				CLANG_WARN_CONSTANT_CONVERSION = YES;
				CLANG_WARN_DEPRECATED_OBJC_IMPLEMENTATIONS = YES;
				CLANG_WARN_DIRECT_OBJC_ISA_USAGE = YES_ERROR;
				CLANG_WARN_DOCUMENTATION_COMMENTS = YES;
				CLANG_WARN_EMPTY_BODY = YES;
				CLANG_WARN_ENUM_CONVERSION = YES;
				CLANG_WARN_INFINITE_RECURSION = YES;
				CLANG_WARN_INT_CONVERSION = YES;
				CLANG_WARN_NON_LITERAL_NULL_CONVERSION = YES;
				CLANG_WARN_OBJC_IMPLICIT_RETAIN_SELF = YES;
				CLANG_WARN_OBJC_LITERAL_CONVERSION = YES;
				CLANG_WARN_OBJC_ROOT_CLASS = YES_ERROR;
				CLANG_WARN_QUOTED_INCLUDE_IN_FRAMEWORK_HEADER = YES;
				CLANG_WARN_RANGE_LOOP_ANALYSIS = YES;
				CLANG_WARN_STRICT_PROTOTYPES = YES;
				CLANG_WARN_SUSPICIOUS_MOVE = YES;
				CLANG_WARN_UNGUARDED_AVAILABILITY = YES_AGGRESSIVE;
				CLANG_WARN_UNREACHABLE_CODE = YES;
				CLANG_WARN__DUPLICATE_METHOD_MATCH = YES;
				COPY_PHASE_STRIP = NO;
				DEBUG_INFORMATION_FORMAT = "dwarf-with-dsym";
				ENABLE_NS_ASSERTIONS = NO;
				ENABLE_STRICT_OBJC_MSGSEND = YES;
				GCC_C_LANGUAGE_STANDARD = gnu11;
				GCC_NO_COMMON_BLOCKS = YES;
				GCC_WARN_64_TO_32_BIT_CONVERSION = YES;
				GCC_WARN_ABOUT_RETURN_TYPE = YES_ERROR;
				GCC_WARN_UNDECLARED_SELECTOR = YES;
				GCC_WARN_UNINITIALIZED_AUTOS = YES_AGGRESSIVE;
				GCC_WARN_UNUSED_FUNCTION = YES;
				GCC_WARN_UNUSED_VARIABLE = YES;
				IPHONEOS_DEPLOYMENT_TARGET = 16.2;
				MTL_ENABLE_DEBUG_INFO = NO;
				MTL_FAST_MATH = YES;
				SDKROOT = iphoneos;
				SWIFT_COMPILATION_MODE = wholemodule;
				SWIFT_OPTIMIZATION_LEVEL = "-O";
				VALIDATE_PRODUCT = YES;
			};
			name = Release;
		};
		C3AD7287299BA9FA006B21F7 /* Debug */ = {
			isa = XCBuildConfiguration;
			buildSettings = {
				ASSETCATALOG_COMPILER_APPICON_NAME = AppIcon;
				ASSETCATALOG_COMPILER_GLOBAL_ACCENT_COLOR_NAME = AccentColor;
				CODE_SIGN_STYLE = Automatic;
				CURRENT_PROJECT_VERSION = 1;
				DEVELOPMENT_TEAM = TQ4VYT6TQ8;
				GENERATE_INFOPLIST_FILE = YES;
				INFOPLIST_FILE = MovieApplication/Info.plist;
				INFOPLIST_KEY_UIApplicationSupportsIndirectInputEvents = YES;
				INFOPLIST_KEY_UILaunchStoryboardName = LaunchScreen;
				INFOPLIST_KEY_UISupportedInterfaceOrientations_iPad = "UIInterfaceOrientationPortrait UIInterfaceOrientationPortraitUpsideDown UIInterfaceOrientationLandscapeLeft UIInterfaceOrientationLandscapeRight";
				INFOPLIST_KEY_UISupportedInterfaceOrientations_iPhone = "UIInterfaceOrientationPortrait UIInterfaceOrientationLandscapeLeft UIInterfaceOrientationLandscapeRight";
				LD_RUNPATH_SEARCH_PATHS = (
					"$(inherited)",
					"@executable_path/Frameworks",
				);
				MARKETING_VERSION = 1.0;
				PRODUCT_BUNDLE_IDENTIFIER = r00th.MovieApplication;
				PRODUCT_NAME = "$(TARGET_NAME)";
				SWIFT_EMIT_LOC_STRINGS = YES;
				SWIFT_VERSION = 5.0;
				TARGETED_DEVICE_FAMILY = "1,2";
			};
			name = Debug;
		};
		C3AD7288299BA9FA006B21F7 /* Release */ = {
			isa = XCBuildConfiguration;
			buildSettings = {
				ASSETCATALOG_COMPILER_APPICON_NAME = AppIcon;
				ASSETCATALOG_COMPILER_GLOBAL_ACCENT_COLOR_NAME = AccentColor;
				CODE_SIGN_STYLE = Automatic;
				CURRENT_PROJECT_VERSION = 1;
				DEVELOPMENT_TEAM = TQ4VYT6TQ8;
				GENERATE_INFOPLIST_FILE = YES;
				INFOPLIST_FILE = MovieApplication/Info.plist;
				INFOPLIST_KEY_UIApplicationSupportsIndirectInputEvents = YES;
				INFOPLIST_KEY_UILaunchStoryboardName = LaunchScreen;
				INFOPLIST_KEY_UISupportedInterfaceOrientations_iPad = "UIInterfaceOrientationPortrait UIInterfaceOrientationPortraitUpsideDown UIInterfaceOrientationLandscapeLeft UIInterfaceOrientationLandscapeRight";
				INFOPLIST_KEY_UISupportedInterfaceOrientations_iPhone = "UIInterfaceOrientationPortrait UIInterfaceOrientationLandscapeLeft UIInterfaceOrientationLandscapeRight";
				LD_RUNPATH_SEARCH_PATHS = (
					"$(inherited)",
					"@executable_path/Frameworks",
				);
				MARKETING_VERSION = 1.0;
				PRODUCT_BUNDLE_IDENTIFIER = r00th.MovieApplication;
				PRODUCT_NAME = "$(TARGET_NAME)";
				SWIFT_EMIT_LOC_STRINGS = YES;
				SWIFT_VERSION = 5.0;
				TARGETED_DEVICE_FAMILY = "1,2";
			};
			name = Release;
		};
/* End XCBuildConfiguration section */

/* Begin XCConfigurationList section */
		C3AD726D299BA9F8006B21F7 /* Build configuration list for PBXProject "MovieApplication" */ = {
			isa = XCConfigurationList;
			buildConfigurations = (
				C3AD7284299BA9FA006B21F7 /* Debug */,
				C3AD7285299BA9FA006B21F7 /* Release */,
			);
			defaultConfigurationIsVisible = 0;
			defaultConfigurationName = Release;
		};
		C3AD7286299BA9FA006B21F7 /* Build configuration list for PBXNativeTarget "MovieApplication" */ = {
			isa = XCConfigurationList;
			buildConfigurations = (
				C3AD7287299BA9FA006B21F7 /* Debug */,
				C3AD7288299BA9FA006B21F7 /* Release */,
			);
			defaultConfigurationIsVisible = 0;
			defaultConfigurationName = Release;
		};
/* End XCConfigurationList section */

/* Begin XCRemoteSwiftPackageReference section */
		C3339652299DFBFC00158004 /* XCRemoteSwiftPackageReference "Kingfisher" */ = {
			isa = XCRemoteSwiftPackageReference;
			repositoryURL = "https://github.com/onevcat/Kingfisher";
			requirement = {
				kind = upToNextMajorVersion;
				minimumVersion = 7.0.0;
			};
		};
		C3339655299E180A00158004 /* XCRemoteSwiftPackageReference "SDWebImage" */ = {
			isa = XCRemoteSwiftPackageReference;
			repositoryURL = "https://github.com/SDWebImage/SDWebImage";
			requirement = {
				kind = upToNextMajorVersion;
				minimumVersion = 5.0.0;
			};
		};
		C3AD397B299CFDF700DB5353 /* XCRemoteSwiftPackageReference "Alamofire" */ = {
			isa = XCRemoteSwiftPackageReference;
			repositoryURL = "https://github.com/Alamofire/Alamofire";
			requirement = {
				kind = upToNextMajorVersion;
				minimumVersion = 5.0.0;
			};
		};
		C3AD72B5299BAD9A006B21F7 /* XCRemoteSwiftPackageReference "firebase-ios-sdk" */ = {
			isa = XCRemoteSwiftPackageReference;
			repositoryURL = "https://github.com/firebase/firebase-ios-sdk";
			requirement = {
				kind = upToNextMinorVersion;
				minimumVersion = 9.6.0;
			};
		};
/* End XCRemoteSwiftPackageReference section */

/* Begin XCSwiftPackageProductDependency section */
		C3339653299DFBFC00158004 /* Kingfisher */ = {
			isa = XCSwiftPackageProductDependency;
			package = C3339652299DFBFC00158004 /* XCRemoteSwiftPackageReference "Kingfisher" */;
			productName = Kingfisher;
		};
		C3339656299E180A00158004 /* SDWebImage */ = {
			isa = XCSwiftPackageProductDependency;
			package = C3339655299E180A00158004 /* XCRemoteSwiftPackageReference "SDWebImage" */;
			productName = SDWebImage;
		};
		C3339658299E180A00158004 /* SDWebImageMapKit */ = {
			isa = XCSwiftPackageProductDependency;
			package = C3339655299E180A00158004 /* XCRemoteSwiftPackageReference "SDWebImage" */;
			productName = SDWebImageMapKit;
		};
		C3AD397C299CFDF700DB5353 /* Alamofire */ = {
			isa = XCSwiftPackageProductDependency;
			package = C3AD397B299CFDF700DB5353 /* XCRemoteSwiftPackageReference "Alamofire" */;
			productName = Alamofire;
		};
		C3AD72B6299BAD9A006B21F7 /* FirebaseAuth */ = {
			isa = XCSwiftPackageProductDependency;
			package = C3AD72B5299BAD9A006B21F7 /* XCRemoteSwiftPackageReference "firebase-ios-sdk" */;
			productName = FirebaseAuth;
		};
		C3AD72B8299BAD9A006B21F7 /* FirebaseAuthCombine-Community */ = {
			isa = XCSwiftPackageProductDependency;
			package = C3AD72B5299BAD9A006B21F7 /* XCRemoteSwiftPackageReference "firebase-ios-sdk" */;
			productName = "FirebaseAuthCombine-Community";
		};
		C3AD72BA299BAD9A006B21F7 /* FirebaseDatabase */ = {
			isa = XCSwiftPackageProductDependency;
			package = C3AD72B5299BAD9A006B21F7 /* XCRemoteSwiftPackageReference "firebase-ios-sdk" */;
			productName = FirebaseDatabase;
		};
		C3AD72BC299BAD9A006B21F7 /* FirebaseDatabaseSwift */ = {
			isa = XCSwiftPackageProductDependency;
			package = C3AD72B5299BAD9A006B21F7 /* XCRemoteSwiftPackageReference "firebase-ios-sdk" */;
			productName = FirebaseDatabaseSwift;
		};
		C3AD72BE299BAD9A006B21F7 /* FirebaseFirestore */ = {
			isa = XCSwiftPackageProductDependency;
			package = C3AD72B5299BAD9A006B21F7 /* XCRemoteSwiftPackageReference "firebase-ios-sdk" */;
			productName = FirebaseFirestore;
		};
		C3AD72C0299BAD9A006B21F7 /* FirebaseFirestoreCombine-Community */ = {
			isa = XCSwiftPackageProductDependency;
			package = C3AD72B5299BAD9A006B21F7 /* XCRemoteSwiftPackageReference "firebase-ios-sdk" */;
			productName = "FirebaseFirestoreCombine-Community";
		};
		C3AD72C2299BAD9A006B21F7 /* FirebaseFirestoreSwift */ = {
			isa = XCSwiftPackageProductDependency;
			package = C3AD72B5299BAD9A006B21F7 /* XCRemoteSwiftPackageReference "firebase-ios-sdk" */;
			productName = FirebaseFirestoreSwift;
		};
		C3AD72C4299BAD9A006B21F7 /* FirebaseStorage */ = {
			isa = XCSwiftPackageProductDependency;
			package = C3AD72B5299BAD9A006B21F7 /* XCRemoteSwiftPackageReference "firebase-ios-sdk" */;
			productName = FirebaseStorage;
		};
		C3AD72C6299BAD9A006B21F7 /* FirebaseStorageCombine-Community */ = {
			isa = XCSwiftPackageProductDependency;
			package = C3AD72B5299BAD9A006B21F7 /* XCRemoteSwiftPackageReference "firebase-ios-sdk" */;
			productName = "FirebaseStorageCombine-Community";
		};
/* End XCSwiftPackageProductDependency section */
	};
	rootObject = C3AD726A299BA9F8006B21F7 /* Project object */;
}
